
Microsoft Visual Studio Solution File, Format Version 12.00
Project("{2150E333-8FDC-42A3-9474-1A3956D46DE8}") = "back-end", "back-end", "{65E9BB6D-F13C-40E7-BD62-E3A4F26A7666}"
EndProject
Project("{2150E333-8FDC-42A3-9474-1A3956D46DE8}") = "front-end", "front-end", "{80D86B8C-55EF-462D-BDBC-278F1EE5ADC1}"
EndProject
Project("{FAE04EC0-301F-11D3-BF4B-00C04F79EFBC}") = "Spotify.Podcasts.Api", "back-end\Spotify.Podcasts.Api\Spotify.Podcasts.Api.csproj", "{D05A396F-AFAB-40EE-8077-E8747D7E6D66}"
EndProject
Global
	GlobalSection(SolutionConfigurationPlatforms) = preSolution
		Debug|Any CPU = Debug|Any CPU
		Release|Any CPU = Release|Any CPU
	EndGlobalSection
	GlobalSection(NestedProjects) = preSolution
		{D05A396F-AFAB-40EE-8077-E8747D7E6D66} = {65E9BB6D-F13C-40E7-BD62-E3A4F26A7666}
	EndGlobalSection
	GlobalSection(ProjectConfigurationPlatforms) = postSolution
		{D05A396F-AFAB-40EE-8077-E8747D7E6D66}.Debug|Any CPU.ActiveCfg = Debug|Any CPU
		{D05A396F-AFAB-40EE-8077-E8747D7E6D66}.Debug|Any CPU.Build.0 = Debug|Any CPU
		{D05A396F-AFAB-40EE-8077-E8747D7E6D66}.Release|Any CPU.ActiveCfg = Release|Any CPU
		{D05A396F-AFAB-40EE-8077-E8747D7E6D66}.Release|Any CPU.Build.0 = Release|Any CPU
	EndGlobalSection
EndGlobal
